
Microsoft Visual Studio Solution File, Format Version 11.00
# Visual Studio 2010
Project("{FAE04EC0-301F-11D3-BF4B-00C04F79EFBC}") = "Core", "Core.csproj", "{44d2f2f4-b4fe-7776-2e22-857438dc6fed}"
EndProject
Project("{FAE04EC0-301F-11D3-BF4B-00C04F79EFBC}") = "Pool", "Pool.csproj", "{db87d42d-bea0-93ac-4589-121e4ed0cc2c}"
EndProject
Project("{FAE04EC0-301F-11D3-BF4B-00C04F79EFBC}") = "Boot", "Boot.csproj", "{1235a294-2906-ceaf-fb3a-c7ec04de06ec}"
EndProject
Project("{FAE04EC0-301F-11D3-BF4B-00C04F79EFBC}") = "General", "General.csproj", "{6d5b8d63-3a3b-4a37-bdc5-266b8a1de292}"
EndProject
Project("{FAE04EC0-301F-11D3-BF4B-00C04F79EFBC}") = "Asset", "Asset.csproj", "{70c30947-18d5-62ad-3828-b771d649d1f7}"
EndProject
Project("{FAE04EC0-301F-11D3-BF4B-00C04F79EFBC}") = "Cache", "Cache.csproj", "{7e633378-9ebe-fb0c-4b0b-baf70aec5c30}"
EndProject
Project("{FAE04EC0-301F-11D3-BF4B-00C04F79EFBC}") = "KJ.Tests.EditMode", "KJ.Tests.EditMode.csproj", "{652ac0be-62df-49f7-b802-23853648cb27}"
EndProject
Project("{FAE04EC0-301F-11D3-BF4B-00C04F79EFBC}") = "TestKit", "TestKit.csproj", "{c6a52582-9b7a-7eb3-8ef9-29c94c3b6625}"
EndProject
Project("{FAE04EC0-301F-11D3-BF4B-00C04F79EFBC}") = "Project", "Project.csproj", "{a75b7c9f-24b0-3f76-5d8d-6e74b534c195}"
EndProject
Project("{FAE04EC0-301F-11D3-BF4B-00C04F79EFBC}") = "Event", "Event.csproj", "{0587169f-e39f-b53a-de6f-f72b957cc415}"
EndProject
Project("{FAE04EC0-301F-11D3-BF4B-00C04F79EFBC}") = "Assembly-CSharp", "Assembly-CSharp.csproj", "{00e9b468-0367-f4eb-fee7-bbb93c8efaee}"
EndProject
Global
	GlobalSection(SolutionConfigurationPlatforms) = preSolution
		Debug|Any CPU = Debug|Any CPU
	EndGlobalSection
	GlobalSection(ProjectConfigurationPlatforms) = postSolution
		{44d2f2f4-b4fe-7776-2e22-857438dc6fed}.Debug|Any CPU.ActiveCfg = Debug|Any CPU
		{44d2f2f4-b4fe-7776-2e22-857438dc6fed}.Debug|Any CPU.Build.0 = Debug|Any CPU
		{db87d42d-bea0-93ac-4589-121e4ed0cc2c}.Debug|Any CPU.ActiveCfg = Debug|Any CPU
		{db87d42d-bea0-93ac-4589-121e4ed0cc2c}.Debug|Any CPU.Build.0 = Debug|Any CPU
		{1235a294-2906-ceaf-fb3a-c7ec04de06ec}.Debug|Any CPU.ActiveCfg = Debug|Any CPU
		{1235a294-2906-ceaf-fb3a-c7ec04de06ec}.Debug|Any CPU.Build.0 = Debug|Any CPU
		{6d5b8d63-3a3b-4a37-bdc5-266b8a1de292}.Debug|Any CPU.ActiveCfg = Debug|Any CPU
		{6d5b8d63-3a3b-4a37-bdc5-266b8a1de292}.Debug|Any CPU.Build.0 = Debug|Any CPU
		{70c30947-18d5-62ad-3828-b771d649d1f7}.Debug|Any CPU.ActiveCfg = Debug|Any CPU
		{70c30947-18d5-62ad-3828-b771d649d1f7}.Debug|Any CPU.Build.0 = Debug|Any CPU
		{7e633378-9ebe-fb0c-4b0b-baf70aec5c30}.Debug|Any CPU.ActiveCfg = Debug|Any CPU
		{7e633378-9ebe-fb0c-4b0b-baf70aec5c30}.Debug|Any CPU.Build.0 = Debug|Any CPU
		{652ac0be-62df-49f7-b802-23853648cb27}.Debug|Any CPU.ActiveCfg = Debug|Any CPU
		{652ac0be-62df-49f7-b802-23853648cb27}.Debug|Any CPU.Build.0 = Debug|Any CPU
		{c6a52582-9b7a-7eb3-8ef9-29c94c3b6625}.Debug|Any CPU.ActiveCfg = Debug|Any CPU
		{c6a52582-9b7a-7eb3-8ef9-29c94c3b6625}.Debug|Any CPU.Build.0 = Debug|Any CPU
		{a75b7c9f-24b0-3f76-5d8d-6e74b534c195}.Debug|Any CPU.ActiveCfg = Debug|Any CPU
		{a75b7c9f-24b0-3f76-5d8d-6e74b534c195}.Debug|Any CPU.Build.0 = Debug|Any CPU
		{0587169f-e39f-b53a-de6f-f72b957cc415}.Debug|Any CPU.ActiveCfg = Debug|Any CPU
		{0587169f-e39f-b53a-de6f-f72b957cc415}.Debug|Any CPU.Build.0 = Debug|Any CPU
		{00e9b468-0367-f4eb-fee7-bbb93c8efaee}.Debug|Any CPU.ActiveCfg = Debug|Any CPU
		{00e9b468-0367-f4eb-fee7-bbb93c8efaee}.Debug|Any CPU.Build.0 = Debug|Any CPU
	EndGlobalSection
	GlobalSection(SolutionProperties) = preSolution
		HideSolutionNode = FALSE
	EndGlobalSection
EndGlobal
